
Microsoft Visual Studio Solution File, Format Version 12.00
# Visual Studio Version 17
VisualStudioVersion = 17.12.35707.178 d17.12
MinimumVisualStudioVersion = 10.0.40219.1
Project("{FAE04EC0-301F-11D3-BF4B-00C04F79EFBC}") = "Sincrono", "Sincrono\Sincrono.csproj", "{0B54FD09-1794-4D6A-B61D-A43FB597666B}"
EndProject
Project("{FAE04EC0-301F-11D3-BF4B-00C04F79EFBC}") = "Assincrono", "Assincrono\Assincrono.csproj", "{31419853-7A6B-44E8-A4CC-26B5BA4D510D}"
EndProject
Global
	GlobalSection(SolutionConfigurationPlatforms) = preSolution
		Debug|Any CPU = Debug|Any CPU
		Release|Any CPU = Release|Any CPU
	EndGlobalSection
	GlobalSection(ProjectConfigurationPlatforms) = postSolution
		{0B54FD09-1794-4D6A-B61D-A43FB597666B}.Debug|Any CPU.ActiveCfg = Debug|Any CPU
		{0B54FD09-1794-4D6A-B61D-A43FB597666B}.Debug|Any CPU.Build.0 = Debug|Any CPU
		{0B54FD09-1794-4D6A-B61D-A43FB597666B}.Release|Any CPU.ActiveCfg = Release|Any CPU
		{0B54FD09-1794-4D6A-B61D-A43FB597666B}.Release|Any CPU.Build.0 = Release|Any CPU
		{31419853-7A6B-44E8-A4CC-26B5BA4D510D}.Debug|Any CPU.ActiveCfg = Debug|Any CPU
		{31419853-7A6B-44E8-A4CC-26B5BA4D510D}.Debug|Any CPU.Build.0 = Debug|Any CPU
		{31419853-7A6B-44E8-A4CC-26B5BA4D510D}.Release|Any CPU.ActiveCfg = Release|Any CPU
		{31419853-7A6B-44E8-A4CC-26B5BA4D510D}.Release|Any CPU.Build.0 = Release|Any CPU
	EndGlobalSection
	GlobalSection(SolutionProperties) = preSolution
		HideSolutionNode = FALSE
	EndGlobalSection
EndGlobal
